
Microsoft Visual Studio Solution File, Format Version 12.00
# Visual Studio Version 17
VisualStudioVersion = 17.7.34024.191
MinimumVisualStudioVersion = 10.0.40219.1
Project("{FAE04EC0-301F-11D3-BF4B-00C04F79EFBC}") = "eTicket", "eTicket.csproj", "{D550C589-D91E-4018-B1EF-5B4366502003}"
EndProject
Global
	GlobalSection(SolutionConfigurationPlatforms) = preSolution
		Debug|Any CPU = Debug|Any CPU
		Release|Any CPU = Release|Any CPU
	EndGlobalSection
	GlobalSection(ProjectConfigurationPlatforms) = postSolution
		{D550C589-D91E-4018-B1EF-5B4366502003}.Debug|Any CPU.ActiveCfg = Debug|Any CPU
		{D550C589-D91E-4018-B1EF-5B4366502003}.Debug|Any CPU.Build.0 = Debug|Any CPU
		{D550C589-D91E-4018-B1EF-5B4366502003}.Release|Any CPU.ActiveCfg = Release|Any CPU
		{D550C589-D91E-4018-B1EF-5B4366502003}.Release|Any CPU.Build.0 = Release|Any CPU
	EndGlobalSection
	GlobalSection(SolutionProperties) = preSolution
		HideSolutionNode = FALSE
	EndGlobalSection
	GlobalSection(ExtensibilityGlobals) = postSolution
		SolutionGuid = {FD5475FA-9DE1-4970-8721-CCC6ED823242}
	EndGlobalSection
EndGlobal
